{
  "name": "azphalt-generator-timecode",
  "version": "1.0.0",
  "lockfileVersion": 3,
  "requires": true,
  "packages": {
    "": {
      "name": "azphalt-generator-timecode",
      "version": "1.0.0",
      "dependencies": {
        "@azphalt/azdk": "^0.1.0",
        "@azphalt/azp": "^0.1.0"
      },
      "devDependencies": {
        "@azphalt/runtime-reference": "^0.1.0"
      }
    },
    "node_modules/@azphalt/azdk": {
      "version": "0.1.1",
      "resolved": "https://registry.npmjs.org/@azphalt/azdk/-/azdk-0.1.1.tgz",
      "integrity": "sha512-ovX5yIkBYQZsMBNER3C/IOgK4EvRihxTLcVUP++5MPUcKaXwbbNU1lCAO3nYJOYmbfS3v/HdEuO+kDLYKm/B8w==",
      "license": "MIT"
    },
    "node_modules/@azphalt/azp": {
      "version": "0.1.1",
      "resolved": "https://registry.npmjs.org/@azphalt/azp/-/azp-0.1.1.tgz",
      "integrity": "sha512-h76n/Wwe/fZdjeJajTT79KNc+Q9xv80XesQboB0ynHBISO8SPiHBmKLezNeJP/662zByHhWFeJvc+yccyZ1iOg==",
      "license": "MIT",
      "dependencies": {
        "@azphalt/azdk": "0.1.1",
        "fflate": "^0.8.2"
      }
    },
    "node_modules/@azphalt/runtime-reference": {
      "version": "0.1.1",
      "resolved": "https://registry.npmjs.org/@azphalt/runtime-reference/-/runtime-reference-0.1.1.tgz",
      "integrity": "sha512-MfP1pzVJ0jNx3yfMu9r6NdSxe+chiSbJ/YE0Ox8YDRlG+JQ6uE83UM7M46sAMRU4DkXxGstC7+n6d4cySOxunA==",
      "dev": true,
      "license": "MIT",
      "dependencies": {
        "@azphalt/azdk": "0.1.1",
        "@azphalt/azp": "0.1.1"
      }
    },
    "node_modules/fflate": {
      "version": "0.8.3",
      "resolved": "https://registry.npmjs.org/fflate/-/fflate-0.8.3.tgz",
      "integrity": "sha512-tbZNuJrLwGUp3zshBtdy4W+ORxZuIh8a5ilyIEQDC5rY1f3U20JMry0Ll3WBzU58EZKsEuJFXhb5gwv8CsPvgA==",
      "license": "MIT"
    }
  }
}
